
Microsoft Visual Studio Solution File, Format Version 12.00
# Visual Studio 2013
VisualStudioVersion = 12.0.31101.0
MinimumVisualStudioVersion = 10.0.40219.1
Project("{FAE04EC0-301F-11D3-BF4B-00C04F79EFBC}") = "CryptoForms", "CryptoForms\CryptoForms\CryptoForms.csproj", "{446E34D5-9C22-4B48-95D3-637AB5F33574}"
EndProject
Project("{FAE04EC0-301F-11D3-BF4B-00C04F79EFBC}") = "CryptoForms.iOS", "CryptoForms\CryptoForms.iOS\CryptoForms.iOS.csproj", "{B1BAAAFA-3E24-4B99-BE1C-442414227885}"
EndProject
Project("{FAE04EC0-301F-11D3-BF4B-00C04F79EFBC}") = "CryptoForms.Droid", "CryptoForms\CryptoForms.Droid\CryptoForms.Droid.csproj", "{FE6BE08A-6B86-4932-AE7E-60B4DF437A81}"
EndProject
Project("{FAE04EC0-301F-11D3-BF4B-00C04F79EFBC}") = "CryptoForms.WinPhone", "CryptoForms\CryptoForms.WinPhone\CryptoForms.WinPhone.csproj", "{94465088-3EF6-459B-9495-DED416F0FF1C}"
EndProject
Project("{FAE04EC0-301F-11D3-BF4B-00C04F79EFBC}") = "CryptoForms.Windows", "CryptoForms.Windows\CryptoForms.Windows.csproj", "{813BBF86-B6B9-4BDD-8386-1F605AB00168}"
EndProject
Global
	GlobalSection(SolutionConfigurationPlatforms) = preSolution
		Ad-Hoc|Any CPU = Ad-Hoc|Any CPU
		Ad-Hoc|ARM = Ad-Hoc|ARM
		Ad-Hoc|iPhone = Ad-Hoc|iPhone
		Ad-Hoc|iPhoneSimulator = Ad-Hoc|iPhoneSimulator
		Ad-Hoc|Mixed Platforms = Ad-Hoc|Mixed Platforms
		Ad-Hoc|x64 = Ad-Hoc|x64
		Ad-Hoc|x86 = Ad-Hoc|x86
		AppStore|Any CPU = AppStore|Any CPU
		AppStore|ARM = AppStore|ARM
		AppStore|iPhone = AppStore|iPhone
		AppStore|iPhoneSimulator = AppStore|iPhoneSimulator
		AppStore|Mixed Platforms = AppStore|Mixed Platforms
		AppStore|x64 = AppStore|x64
		AppStore|x86 = AppStore|x86
		Debug|Any CPU = Debug|Any CPU
		Debug|ARM = Debug|ARM
		Debug|iPhone = Debug|iPhone
		Debug|iPhoneSimulator = Debug|iPhoneSimulator
		Debug|Mixed Platforms = Debug|Mixed Platforms
		Debug|x64 = Debug|x64
		Debug|x86 = Debug|x86
		Release|Any CPU = Release|Any CPU
		Release|ARM = Release|ARM
		Release|iPhone = Release|iPhone
		Release|iPhoneSimulator = Release|iPhoneSimulator
		Release|Mixed Platforms = Release|Mixed Platforms
		Release|x64 = Release|x64
		Release|x86 = Release|x86
	EndGlobalSection
	GlobalSection(ProjectConfigurationPlatforms) = postSolution
		{446E34D5-9C22-4B48-95D3-637AB5F33574}.Ad-Hoc|Any CPU.ActiveCfg = Release|Any CPU
		{446E34D5-9C22-4B48-95D3-637AB5F33574}.Ad-Hoc|Any CPU.Build.0 = Release|Any CPU
		{446E34D5-9C22-4B48-95D3-637AB5F33574}.Ad-Hoc|ARM.ActiveCfg = Release|Any CPU
		{446E34D5-9C22-4B48-95D3-637AB5F33574}.Ad-Hoc|iPhone.ActiveCfg = Release|Any CPU
		{446E34D5-9C22-4B48-95D3-637AB5F33574}.Ad-Hoc|iPhoneSimulator.ActiveCfg = Release|Any CPU
		{446E34D5-9C22-4B48-95D3-637AB5F33574}.Ad-Hoc|Mixed Platforms.ActiveCfg = Release|Any CPU
		{446E34D5-9C22-4B48-95D3-637AB5F33574}.Ad-Hoc|Mixed Platforms.Build.0 = Release|Any CPU
		{446E34D5-9C22-4B48-95D3-637AB5F33574}.Ad-Hoc|x64.ActiveCfg = Release|Any CPU
		{446E34D5-9C22-4B48-95D3-637AB5F33574}.Ad-Hoc|x86.ActiveCfg = Release|Any CPU
		{446E34D5-9C22-4B48-95D3-637AB5F33574}.AppStore|Any CPU.ActiveCfg = Release|Any CPU
		{446E34D5-9C22-4B48-95D3-637AB5F33574}.AppStore|Any CPU.Build.0 = Release|Any CPU
		{446E34D5-9C22-4B48-95D3-637AB5F33574}.AppStore|ARM.ActiveCfg = Release|Any CPU
		{446E34D5-9C22-4B48-95D3-637AB5F33574}.AppStore|iPhone.ActiveCfg = Release|Any CPU
		{446E34D5-9C22-4B48-95D3-637AB5F33574}.AppStore|iPhoneSimulator.ActiveCfg = Release|Any CPU
		{446E34D5-9C22-4B48-95D3-637AB5F33574}.AppStore|Mixed Platforms.ActiveCfg = Release|Any CPU
		{446E34D5-9C22-4B48-95D3-637AB5F33574}.AppStore|Mixed Platforms.Build.0 = Release|Any CPU
		{446E34D5-9C22-4B48-95D3-637AB5F33574}.AppStore|x64.ActiveCfg = Release|Any CPU
		{446E34D5-9C22-4B48-95D3-637AB5F33574}.AppStore|x86.ActiveCfg = Release|Any CPU
		{446E34D5-9C22-4B48-95D3-637AB5F33574}.Debug|Any CPU.ActiveCfg = Debug|Any CPU
		{446E34D5-9C22-4B48-95D3-637AB5F33574}.Debug|Any CPU.Build.0 = Debug|Any CPU
		{446E34D5-9C22-4B48-95D3-637AB5F33574}.Debug|ARM.ActiveCfg = Debug|Any CPU
		{446E34D5-9C22-4B48-95D3-637AB5F33574}.Debug|iPhone.ActiveCfg = Debug|Any CPU
		{446E34D5-9C22-4B48-95D3-637AB5F33574}.Debug|iPhoneSimulator.ActiveCfg = Debug|Any CPU
		{446E34D5-9C22-4B48-95D3-637AB5F33574}.Debug|Mixed Platforms.ActiveCfg = Debug|Any CPU
		{446E34D5-9C22-4B48-95D3-637AB5F33574}.Debug|Mixed Platforms.Build.0 = Debug|Any CPU
		{446E34D5-9C22-4B48-95D3-637AB5F33574}.Debug|x64.ActiveCfg = Debug|Any CPU
		{446E34D5-9C22-4B48-95D3-637AB5F33574}.Debug|x86.ActiveCfg = Debug|Any CPU
		{446E34D5-9C22-4B48-95D3-637AB5F33574}.Release|Any CPU.ActiveCfg = Release|Any CPU
		{446E34D5-9C22-4B48-95D3-637AB5F33574}.Release|Any CPU.Build.0 = Release|Any CPU
		{446E34D5-9C22-4B48-95D3-637AB5F33574}.Release|ARM.ActiveCfg = Release|Any CPU
		{446E34D5-9C22-4B48-95D3-637AB5F33574}.Release|iPhone.ActiveCfg = Release|Any CPU
		{446E34D5-9C22-4B48-95D3-637AB5F33574}.Release|iPhoneSimulator.ActiveCfg = Release|Any CPU
		{446E34D5-9C22-4B48-95D3-637AB5F33574}.Release|Mixed Platforms.ActiveCfg = Release|Any CPU
		{446E34D5-9C22-4B48-95D3-637AB5F33574}.Release|Mixed Platforms.Build.0 = Release|Any CPU
		{446E34D5-9C22-4B48-95D3-637AB5F33574}.Release|x64.ActiveCfg = Release|Any CPU
		{446E34D5-9C22-4B48-95D3-637AB5F33574}.Release|x86.ActiveCfg = Release|Any CPU
		{B1BAAAFA-3E24-4B99-BE1C-442414227885}.Ad-Hoc|Any CPU.ActiveCfg = Ad-Hoc|iPhone
		{B1BAAAFA-3E24-4B99-BE1C-442414227885}.Ad-Hoc|ARM.ActiveCfg = Ad-Hoc|iPhone
		{B1BAAAFA-3E24-4B99-BE1C-442414227885}.Ad-Hoc|iPhone.ActiveCfg = Ad-Hoc|iPhone
		{B1BAAAFA-3E24-4B99-BE1C-442414227885}.Ad-Hoc|iPhone.Build.0 = Ad-Hoc|iPhone
		{B1BAAAFA-3E24-4B99-BE1C-442414227885}.Ad-Hoc|iPhoneSimulator.ActiveCfg = Ad-Hoc|iPhoneSimulator
		{B1BAAAFA-3E24-4B99-BE1C-442414227885}.Ad-Hoc|iPhoneSimulator.Build.0 = Ad-Hoc|iPhoneSimulator
		{B1BAAAFA-3E24-4B99-BE1C-442414227885}.Ad-Hoc|Mixed Platforms.ActiveCfg = Ad-Hoc|iPhone
		{B1BAAAFA-3E24-4B99-BE1C-442414227885}.Ad-Hoc|Mixed Platforms.Build.0 = Ad-Hoc|iPhone
		{B1BAAAFA-3E24-4B99-BE1C-442414227885}.Ad-Hoc|x64.ActiveCfg = Ad-Hoc|iPhone
		{B1BAAAFA-3E24-4B99-BE1C-442414227885}.Ad-Hoc|x86.ActiveCfg = Ad-Hoc|iPhone
		{B1BAAAFA-3E24-4B99-BE1C-442414227885}.AppStore|Any CPU.ActiveCfg = AppStore|iPhone
		{B1BAAAFA-3E24-4B99-BE1C-442414227885}.AppStore|ARM.ActiveCfg = AppStore|iPhone
		{B1BAAAFA-3E24-4B99-BE1C-442414227885}.AppStore|iPhone.ActiveCfg = AppStore|iPhone
		{B1BAAAFA-3E24-4B99-BE1C-442414227885}.AppStore|iPhone.Build.0 = AppStore|iPhone
		{B1BAAAFA-3E24-4B99-BE1C-442414227885}.AppStore|iPhoneSimulator.ActiveCfg = AppStore|iPhoneSimulator
		{B1BAAAFA-3E24-4B99-BE1C-442414227885}.AppStore|iPhoneSimulator.Build.0 = AppStore|iPhoneSimulator
		{B1BAAAFA-3E24-4B99-BE1C-442414227885}.AppStore|Mixed Platforms.ActiveCfg = AppStore|iPhone
		{B1BAAAFA-3E24-4B99-BE1C-442414227885}.AppStore|Mixed Platforms.Build.0 = AppStore|iPhone
		{B1BAAAFA-3E24-4B99-BE1C-442414227885}.AppStore|x64.ActiveCfg = AppStore|iPhone
		{B1BAAAFA-3E24-4B99-BE1C-442414227885}.AppStore|x86.ActiveCfg = AppStore|iPhone
		{B1BAAAFA-3E24-4B99-BE1C-442414227885}.Debug|Any CPU.ActiveCfg = Debug|iPhone
		{B1BAAAFA-3E24-4B99-BE1C-442414227885}.Debug|ARM.ActiveCfg = Debug|iPhone
		{B1BAAAFA-3E24-4B99-BE1C-442414227885}.Debug|iPhone.ActiveCfg = Debug|iPhone
		{B1BAAAFA-3E24-4B99-BE1C-442414227885}.Debug|iPhone.Build.0 = Debug|iPhone
		{B1BAAAFA-3E24-4B99-BE1C-442414227885}.Debug|iPhoneSimulator.ActiveCfg = Debug|iPhoneSimulator
		{B1BAAAFA-3E24-4B99-BE1C-442414227885}.Debug|iPhoneSimulator.Build.0 = Debug|iPhoneSimulator
		{B1BAAAFA-3E24-4B99-BE1C-442414227885}.Debug|Mixed Platforms.ActiveCfg = Debug|iPhone
		{B1BAAAFA-3E24-4B99-BE1C-442414227885}.Debug|Mixed Platforms.Build.0 = Debug|iPhone
		{B1BAAAFA-3E24-4B99-BE1C-442414227885}.Debug|x64.ActiveCfg = Debug|iPhone
		{B1BAAAFA-3E24-4B99-BE1C-442414227885}.Debug|x86.ActiveCfg = Debug|iPhone
		{B1BAAAFA-3E24-4B99-BE1C-442414227885}.Release|Any CPU.ActiveCfg = Release|iPhone
		{B1BAAAFA-3E24-4B99-BE1C-442414227885}.Release|ARM.ActiveCfg = Release|iPhone
		{B1BAAAFA-3E24-4B99-BE1C-442414227885}.Release|iPhone.ActiveCfg = Release|iPhone
		{B1BAAAFA-3E24-4B99-BE1C-442414227885}.Release|iPhone.Build.0 = Release|iPhone
		{B1BAAAFA-3E24-4B99-BE1C-442414227885}.Release|iPhoneSimulator.ActiveCfg = Release|iPhoneSimulator
		{B1BAAAFA-3E24-4B99-BE1C-442414227885}.Release|iPhoneSimulator.Build.0 = Release|iPhoneSimulator
		{B1BAAAFA-3E24-4B99-BE1C-442414227885}.Release|Mixed Platforms.ActiveCfg = Release|iPhone
		{B1BAAAFA-3E24-4B99-BE1C-442414227885}.Release|Mixed Platforms.Build.0 = Release|iPhone
		{B1BAAAFA-3E24-4B99-BE1C-442414227885}.Release|x64.ActiveCfg = Release|iPhone
		{B1BAAAFA-3E24-4B99-BE1C-442414227885}.Release|x86.ActiveCfg = Release|iPhone
		{FE6BE08A-6B86-4932-AE7E-60B4DF437A81}.Ad-Hoc|Any CPU.ActiveCfg = Release|Any CPU
		{FE6BE08A-6B86-4932-AE7E-60B4DF437A81}.Ad-Hoc|Any CPU.Build.0 = Release|Any CPU
		{FE6BE08A-6B86-4932-AE7E-60B4DF437A81}.Ad-Hoc|Any CPU.Deploy.0 = Release|Any CPU
		{FE6BE08A-6B86-4932-AE7E-60B4DF437A81}.Ad-Hoc|ARM.ActiveCfg = Release|Any CPU
		{FE6BE08A-6B86-4932-AE7E-60B4DF437A81}.Ad-Hoc|iPhone.ActiveCfg = Release|Any CPU
		{FE6BE08A-6B86-4932-AE7E-60B4DF437A81}.Ad-Hoc|iPhoneSimulator.ActiveCfg = Release|Any CPU
		{FE6BE08A-6B86-4932-AE7E-60B4DF437A81}.Ad-Hoc|Mixed Platforms.ActiveCfg = Release|Any CPU
		{FE6BE08A-6B86-4932-AE7E-60B4DF437A81}.Ad-Hoc|Mixed Platforms.Build.0 = Release|Any CPU
		{FE6BE08A-6B86-4932-AE7E-60B4DF437A81}.Ad-Hoc|Mixed Platforms.Deploy.0 = Release|Any CPU
		{FE6BE08A-6B86-4932-AE7E-60B4DF437A81}.Ad-Hoc|x64.ActiveCfg = Release|Any CPU
		{FE6BE08A-6B86-4932-AE7E-60B4DF437A81}.Ad-Hoc|x86.ActiveCfg = Release|Any CPU
		{FE6BE08A-6B86-4932-AE7E-60B4DF437A81}.AppStore|Any CPU.ActiveCfg = Release|Any CPU
		{FE6BE08A-6B86-4932-AE7E-60B4DF437A81}.AppStore|Any CPU.Build.0 = Release|Any CPU
		{FE6BE08A-6B86-4932-AE7E-60B4DF437A81}.AppStore|Any CPU.Deploy.0 = Release|Any CPU
		{FE6BE08A-6B86-4932-AE7E-60B4DF437A81}.AppStore|ARM.ActiveCfg = Release|Any CPU
		{FE6BE08A-6B86-4932-AE7E-60B4DF437A81}.AppStore|iPhone.ActiveCfg = Release|Any CPU
		{FE6BE08A-6B86-4932-AE7E-60B4DF437A81}.AppStore|iPhoneSimulator.ActiveCfg = Release|Any CPU
		{FE6BE08A-6B86-4932-AE7E-60B4DF437A81}.AppStore|Mixed Platforms.ActiveCfg = Release|Any CPU
		{FE6BE08A-6B86-4932-AE7E-60B4DF437A81}.AppStore|Mixed Platforms.Build.0 = Release|Any CPU
		{FE6BE08A-6B86-4932-AE7E-60B4DF437A81}.AppStore|Mixed Platforms.Deploy.0 = Release|Any CPU
		{FE6BE08A-6B86-4932-AE7E-60B4DF437A81}.AppStore|x64.ActiveCfg = Release|Any CPU
		{FE6BE08A-6B86-4932-AE7E-60B4DF437A81}.AppStore|x86.ActiveCfg = Release|Any CPU
		{FE6BE08A-6B86-4932-AE7E-60B4DF437A81}.Debug|Any CPU.ActiveCfg = Debug|Any CPU
		{FE6BE08A-6B86-4932-AE7E-60B4DF437A81}.Debug|Any CPU.Build.0 = Debug|Any CPU
		{FE6BE08A-6B86-4932-AE7E-60B4DF437A81}.Debug|Any CPU.Deploy.0 = Debug|Any CPU
		{FE6BE08A-6B86-4932-AE7E-60B4DF437A81}.Debug|ARM.ActiveCfg = Debug|Any CPU
		{FE6BE08A-6B86-4932-AE7E-60B4DF437A81}.Debug|iPhone.ActiveCfg = Debug|Any CPU
		{FE6BE08A-6B86-4932-AE7E-60B4DF437A81}.Debug|iPhoneSimulator.ActiveCfg = Debug|Any CPU
		{FE6BE08A-6B86-4932-AE7E-60B4DF437A81}.Debug|Mixed Platforms.ActiveCfg = Debug|Any CPU
		{FE6BE08A-6B86-4932-AE7E-60B4DF437A81}.Debug|Mixed Platforms.Build.0 = Debug|Any CPU
		{FE6BE08A-6B86-4932-AE7E-60B4DF437A81}.Debug|Mixed Platforms.Deploy.0 = Debug|Any CPU
		{FE6BE08A-6B86-4932-AE7E-60B4DF437A81}.Debug|x64.ActiveCfg = Debug|Any CPU
		{FE6BE08A-6B86-4932-AE7E-60B4DF437A81}.Debug|x86.ActiveCfg = Debug|Any CPU
		{FE6BE08A-6B86-4932-AE7E-60B4DF437A81}.Release|Any CPU.ActiveCfg = Release|Any CPU
		{FE6BE08A-6B86-4932-AE7E-60B4DF437A81}.Release|Any CPU.Build.0 = Release|Any CPU
		{FE6BE08A-6B86-4932-AE7E-60B4DF437A81}.Release|Any CPU.Deploy.0 = Release|Any CPU
		{FE6BE08A-6B86-4932-AE7E-60B4DF437A81}.Release|ARM.ActiveCfg = Release|Any CPU
		{FE6BE08A-6B86-4932-AE7E-60B4DF437A81}.Release|iPhone.ActiveCfg = Release|Any CPU
		{FE6BE08A-6B86-4932-AE7E-60B4DF437A81}.Release|iPhoneSimulator.ActiveCfg = Release|Any CPU
		{FE6BE08A-6B86-4932-AE7E-60B4DF437A81}.Release|Mixed Platforms.ActiveCfg = Release|Any CPU
		{FE6BE08A-6B86-4932-AE7E-60B4DF437A81}.Release|Mixed Platforms.Build.0 = Release|Any CPU
		{FE6BE08A-6B86-4932-AE7E-60B4DF437A81}.Release|Mixed Platforms.Deploy.0 = Release|Any CPU
		{FE6BE08A-6B86-4932-AE7E-60B4DF437A81}.Release|x64.ActiveCfg = Release|Any CPU
		{FE6BE08A-6B86-4932-AE7E-60B4DF437A81}.Release|x86.ActiveCfg = Release|Any CPU
		{94465088-3EF6-459B-9495-DED416F0FF1C}.Ad-Hoc|Any CPU.ActiveCfg = Release|Any CPU
		{94465088-3EF6-459B-9495-DED416F0FF1C}.Ad-Hoc|Any CPU.Build.0 = Release|Any CPU
		{94465088-3EF6-459B-9495-DED416F0FF1C}.Ad-Hoc|Any CPU.Deploy.0 = Release|Any CPU
		{94465088-3EF6-459B-9495-DED416F0FF1C}.Ad-Hoc|ARM.ActiveCfg = Release|ARM
		{94465088-3EF6-459B-9495-DED416F0FF1C}.Ad-Hoc|ARM.Build.0 = Release|ARM
		{94465088-3EF6-459B-9495-DED416F0FF1C}.Ad-Hoc|ARM.Deploy.0 = Release|ARM
		{94465088-3EF6-459B-9495-DED416F0FF1C}.Ad-Hoc|iPhone.ActiveCfg = Release|Any CPU
		{94465088-3EF6-459B-9495-DED416F0FF1C}.Ad-Hoc|iPhoneSimulator.ActiveCfg = Release|Any CPU
		{94465088-3EF6-459B-9495-DED416F0FF1C}.Ad-Hoc|Mixed Platforms.ActiveCfg = Release|x86
		{94465088-3EF6-459B-9495-DED416F0FF1C}.Ad-Hoc|Mixed Platforms.Build.0 = Release|x86
		{94465088-3EF6-459B-9495-DED416F0FF1C}.Ad-Hoc|Mixed Platforms.Deploy.0 = Release|x86
		{94465088-3EF6-459B-9495-DED416F0FF1C}.Ad-Hoc|x64.ActiveCfg = Release|Any CPU
		{94465088-3EF6-459B-9495-DED416F0FF1C}.Ad-Hoc|x86.ActiveCfg = Release|x86
		{94465088-3EF6-459B-9495-DED416F0FF1C}.Ad-Hoc|x86.Build.0 = Release|x86
		{94465088-3EF6-459B-9495-DED416F0FF1C}.Ad-Hoc|x86.Deploy.0 = Release|x86
		{94465088-3EF6-459B-9495-DED416F0FF1C}.AppStore|Any CPU.ActiveCfg = Release|Any CPU
		{94465088-3EF6-459B-9495-DED416F0FF1C}.AppStore|Any CPU.Build.0 = Release|Any CPU
		{94465088-3EF6-459B-9495-DED416F0FF1C}.AppStore|Any CPU.Deploy.0 = Release|Any CPU
		{94465088-3EF6-459B-9495-DED416F0FF1C}.AppStore|ARM.ActiveCfg = Release|ARM
		{94465088-3EF6-459B-9495-DED416F0FF1C}.AppStore|ARM.Build.0 = Release|ARM
		{94465088-3EF6-459B-9495-DED416F0FF1C}.AppStore|ARM.Deploy.0 = Release|ARM
		{94465088-3EF6-459B-9495-DED416F0FF1C}.AppStore|iPhone.ActiveCfg = Release|Any CPU
		{94465088-3EF6-459B-9495-DED416F0FF1C}.AppStore|iPhoneSimulator.ActiveCfg = Release|Any CPU
		{94465088-3EF6-459B-9495-DED416F0FF1C}.AppStore|Mixed Platforms.ActiveCfg = Release|x86
		{94465088-3EF6-459B-9495-DED416F0FF1C}.AppStore|Mixed Platforms.Build.0 = Release|x86
		{94465088-3EF6-459B-9495-DED416F0FF1C}.AppStore|Mixed Platforms.Deploy.0 = Release|x86
		{94465088-3EF6-459B-9495-DED416F0FF1C}.AppStore|x64.ActiveCfg = Release|Any CPU
		{94465088-3EF6-459B-9495-DED416F0FF1C}.AppStore|x86.ActiveCfg = Release|x86
		{94465088-3EF6-459B-9495-DED416F0FF1C}.AppStore|x86.Build.0 = Release|x86
		{94465088-3EF6-459B-9495-DED416F0FF1C}.AppStore|x86.Deploy.0 = Release|x86
		{94465088-3EF6-459B-9495-DED416F0FF1C}.Debug|Any CPU.ActiveCfg = Debug|Any CPU
		{94465088-3EF6-459B-9495-DED416F0FF1C}.Debug|Any CPU.Build.0 = Debug|Any CPU
		{94465088-3EF6-459B-9495-DED416F0FF1C}.Debug|Any CPU.Deploy.0 = Debug|Any CPU
		{94465088-3EF6-459B-9495-DED416F0FF1C}.Debug|ARM.ActiveCfg = Debug|ARM
		{94465088-3EF6-459B-9495-DED416F0FF1C}.Debug|ARM.Build.0 = Debug|ARM
		{94465088-3EF6-459B-9495-DED416F0FF1C}.Debug|ARM.Deploy.0 = Debug|ARM
		{94465088-3EF6-459B-9495-DED416F0FF1C}.Debug|iPhone.ActiveCfg = Debug|Any CPU
		{94465088-3EF6-459B-9495-DED416F0FF1C}.Debug|iPhoneSimulator.ActiveCfg = Debug|Any CPU
		{94465088-3EF6-459B-9495-DED416F0FF1C}.Debug|Mixed Platforms.ActiveCfg = Debug|x86
		{94465088-3EF6-459B-9495-DED416F0FF1C}.Debug|Mixed Platforms.Build.0 = Debug|x86
		{94465088-3EF6-459B-9495-DED416F0FF1C}.Debug|Mixed Platforms.Deploy.0 = Debug|x86
		{94465088-3EF6-459B-9495-DED416F0FF1C}.Debug|x64.ActiveCfg = Debug|Any CPU
		{94465088-3EF6-459B-9495-DED416F0FF1C}.Debug|x86.ActiveCfg = Debug|x86
		{94465088-3EF6-459B-9495-DED416F0FF1C}.Debug|x86.Build.0 = Debug|x86
		{94465088-3EF6-459B-9495-DED416F0FF1C}.Debug|x86.Deploy.0 = Debug|x86
		{94465088-3EF6-459B-9495-DED416F0FF1C}.Release|Any CPU.ActiveCfg = Release|Any CPU
		{94465088-3EF6-459B-9495-DED416F0FF1C}.Release|Any CPU.Build.0 = Release|Any CPU
		{94465088-3EF6-459B-9495-DED416F0FF1C}.Release|Any CPU.Deploy.0 = Release|Any CPU
		{94465088-3EF6-459B-9495-DED416F0FF1C}.Release|ARM.ActiveCfg = Release|ARM
		{94465088-3EF6-459B-9495-DED416F0FF1C}.Release|ARM.Build.0 = Release|ARM
		{94465088-3EF6-459B-9495-DED416F0FF1C}.Release|ARM.Deploy.0 = Release|ARM
		{94465088-3EF6-459B-9495-DED416F0FF1C}.Release|iPhone.ActiveCfg = Release|Any CPU
		{94465088-3EF6-459B-9495-DED416F0FF1C}.Release|iPhoneSimulator.ActiveCfg = Release|Any CPU
		{94465088-3EF6-459B-9495-DED416F0FF1C}.Release|Mixed Platforms.ActiveCfg = Release|x86
		{94465088-3EF6-459B-9495-DED416F0FF1C}.Release|Mixed Platforms.Build.0 = Release|x86
		{94465088-3EF6-459B-9495-DED416F0FF1C}.Release|Mixed Platforms.Deploy.0 = Release|x86
		{94465088-3EF6-459B-9495-DED416F0FF1C}.Release|x64.ActiveCfg = Release|Any CPU
		{94465088-3EF6-459B-9495-DED416F0FF1C}.Release|x86.ActiveCfg = Release|x86
		{94465088-3EF6-459B-9495-DED416F0FF1C}.Release|x86.Build.0 = Release|x86
		{94465088-3EF6-459B-9495-DED416F0FF1C}.Release|x86.Deploy.0 = Release|x86
		{813BBF86-B6B9-4BDD-8386-1F605AB00168}.Ad-Hoc|Any CPU.ActiveCfg = Release|Any CPU
		{813BBF86-B6B9-4BDD-8386-1F605AB00168}.Ad-Hoc|Any CPU.Build.0 = Release|Any CPU
		{813BBF86-B6B9-4BDD-8386-1F605AB00168}.Ad-Hoc|Any CPU.Deploy.0 = Release|Any CPU
		{813BBF86-B6B9-4BDD-8386-1F605AB00168}.Ad-Hoc|ARM.ActiveCfg = Release|ARM
		{813BBF86-B6B9-4BDD-8386-1F605AB00168}.Ad-Hoc|ARM.Build.0 = Release|ARM
		{813BBF86-B6B9-4BDD-8386-1F605AB00168}.Ad-Hoc|ARM.Deploy.0 = Release|ARM
		{813BBF86-B6B9-4BDD-8386-1F605AB00168}.Ad-Hoc|iPhone.ActiveCfg = Release|Any CPU
		{813BBF86-B6B9-4BDD-8386-1F605AB00168}.Ad-Hoc|iPhoneSimulator.ActiveCfg = Release|Any CPU
		{813BBF86-B6B9-4BDD-8386-1F605AB00168}.Ad-Hoc|Mixed Platforms.ActiveCfg = Release|x86
		{813BBF86-B6B9-4BDD-8386-1F605AB00168}.Ad-Hoc|Mixed Platforms.Build.0 = Release|x86
		{813BBF86-B6B9-4BDD-8386-1F605AB00168}.Ad-Hoc|Mixed Platforms.Deploy.0 = Release|x86
		{813BBF86-B6B9-4BDD-8386-1F605AB00168}.Ad-Hoc|x64.ActiveCfg = Release|x64
		{813BBF86-B6B9-4BDD-8386-1F605AB00168}.Ad-Hoc|x64.Build.0 = Release|x64
		{813BBF86-B6B9-4BDD-8386-1F605AB00168}.Ad-Hoc|x64.Deploy.0 = Release|x64
		{813BBF86-B6B9-4BDD-8386-1F605AB00168}.Ad-Hoc|x86.ActiveCfg = Release|x86
		{813BBF86-B6B9-4BDD-8386-1F605AB00168}.Ad-Hoc|x86.Build.0 = Release|x86
		{813BBF86-B6B9-4BDD-8386-1F605AB00168}.Ad-Hoc|x86.Deploy.0 = Release|x86
		{813BBF86-B6B9-4BDD-8386-1F605AB00168}.AppStore|Any CPU.ActiveCfg = Release|Any CPU
		{813BBF86-B6B9-4BDD-8386-1F605AB00168}.AppStore|Any CPU.Build.0 = Release|Any CPU
		{813BBF86-B6B9-4BDD-8386-1F605AB00168}.AppStore|Any CPU.Deploy.0 = Release|Any CPU
		{813BBF86-B6B9-4BDD-8386-1F605AB00168}.AppStore|ARM.ActiveCfg = Release|ARM
		{813BBF86-B6B9-4BDD-8386-1F605AB00168}.AppStore|ARM.Build.0 = Release|ARM
		{813BBF86-B6B9-4BDD-8386-1F605AB00168}.AppStore|ARM.Deploy.0 = Release|ARM
		{813BBF86-B6B9-4BDD-8386-1F605AB00168}.AppStore|iPhone.ActiveCfg = Release|Any CPU
		{813BBF86-B6B9-4BDD-8386-1F605AB00168}.AppStore|iPhoneSimulator.ActiveCfg = Release|Any CPU
		{813BBF86-B6B9-4BDD-8386-1F605AB00168}.AppStore|Mixed Platforms.ActiveCfg = Release|x86
		{813BBF86-B6B9-4BDD-8386-1F605AB00168}.AppStore|Mixed Platforms.Build.0 = Release|x86
		{813BBF86-B6B9-4BDD-8386-1F605AB00168}.AppStore|Mixed Platforms.Deploy.0 = Release|x86
		{813BBF86-B6B9-4BDD-8386-1F605AB00168}.AppStore|x64.ActiveCfg = Release|x64
		{813BBF86-B6B9-4BDD-8386-1F605AB00168}.AppStore|x64.Build.0 = Release|x64
		{813BBF86-B6B9-4BDD-8386-1F605AB00168}.AppStore|x64.Deploy.0 = Release|x64
		{813BBF86-B6B9-4BDD-8386-1F605AB00168}.AppStore|x86.ActiveCfg = Release|x86
		{813BBF86-B6B9-4BDD-8386-1F605AB00168}.AppStore|x86.Build.0 = Release|x86
		{813BBF86-B6B9-4BDD-8386-1F605AB00168}.AppStore|x86.Deploy.0 = Release|x86
		{813BBF86-B6B9-4BDD-8386-1F605AB00168}.Debug|Any CPU.ActiveCfg = Debug|Any CPU
		{813BBF86-B6B9-4BDD-8386-1F605AB00168}.Debug|Any CPU.Build.0 = Debug|Any CPU
		{813BBF86-B6B9-4BDD-8386-1F605AB00168}.Debug|Any CPU.Deploy.0 = Debug|Any CPU
		{813BBF86-B6B9-4BDD-8386-1F605AB00168}.Debug|ARM.ActiveCfg = Debug|ARM
		{813BBF86-B6B9-4BDD-8386-1F605AB00168}.Debug|ARM.Build.0 = Debug|ARM
		{813BBF86-B6B9-4BDD-8386-1F605AB00168}.Debug|ARM.Deploy.0 = Debug|ARM
		{813BBF86-B6B9-4BDD-8386-1F605AB00168}.Debug|iPhone.ActiveCfg = Debug|Any CPU
		{813BBF86-B6B9-4BDD-8386-1F605AB00168}.Debug|iPhoneSimulator.ActiveCfg = Debug|Any CPU
		{813BBF86-B6B9-4BDD-8386-1F605AB00168}.Debug|Mixed Platforms.ActiveCfg = Debug|x86
		{813BBF86-B6B9-4BDD-8386-1F605AB00168}.Debug|Mixed Platforms.Build.0 = Debug|x86
		{813BBF86-B6B9-4BDD-8386-1F605AB00168}.Debug|Mixed Platforms.Deploy.0 = Debug|x86
		{813BBF86-B6B9-4BDD-8386-1F605AB00168}.Debug|x64.ActiveCfg = Debug|x64
		{813BBF86-B6B9-4BDD-8386-1F605AB00168}.Debug|x64.Build.0 = Debug|x64
		{813BBF86-B6B9-4BDD-8386-1F605AB00168}.Debug|x64.Deploy.0 = Debug|x64
		{813BBF86-B6B9-4BDD-8386-1F605AB00168}.Debug|x86.ActiveCfg = Debug|x86
		{813BBF86-B6B9-4BDD-8386-1F605AB00168}.Debug|x86.Build.0 = Debug|x86
		{813BBF86-B6B9-4BDD-8386-1F605AB00168}.Debug|x86.Deploy.0 = Debug|x86
		{813BBF86-B6B9-4BDD-8386-1F605AB00168}.Release|Any CPU.ActiveCfg = Release|Any CPU
		{813BBF86-B6B9-4BDD-8386-1F605AB00168}.Release|Any CPU.Build.0 = Release|Any CPU
		{813BBF86-B6B9-4BDD-8386-1F605AB00168}.Release|Any CPU.Deploy.0 = Release|Any CPU
		{813BBF86-B6B9-4BDD-8386-1F605AB00168}.Release|ARM.ActiveCfg = Release|ARM
		{813BBF86-B6B9-4BDD-8386-1F605AB00168}.Release|ARM.Build.0 = Release|ARM
		{813BBF86-B6B9-4BDD-8386-1F605AB00168}.Release|ARM.Deploy.0 = Release|ARM
		{813BBF86-B6B9-4BDD-8386-1F605AB00168}.Release|iPhone.ActiveCfg = Release|Any CPU
		{813BBF86-B6B9-4BDD-8386-1F605AB00168}.Release|iPhoneSimulator.ActiveCfg = Release|Any CPU
		{813BBF86-B6B9-4BDD-8386-1F605AB00168}.Release|Mixed Platforms.ActiveCfg = Release|x86
		{813BBF86-B6B9-4BDD-8386-1F605AB00168}.Release|Mixed Platforms.Build.0 = Release|x86
		{813BBF86-B6B9-4BDD-8386-1F605AB00168}.Release|Mixed Platforms.Deploy.0 = Release|x86
		{813BBF86-B6B9-4BDD-8386-1F605AB00168}.Release|x64.ActiveCfg = Release|x64
		{813BBF86-B6B9-4BDD-8386-1F605AB00168}.Release|x64.Build.0 = Release|x64
		{813BBF86-B6B9-4BDD-8386-1F605AB00168}.Release|x64.Deploy.0 = Release|x64
		{813BBF86-B6B9-4BDD-8386-1F605AB00168}.Release|x86.ActiveCfg = Release|x86
		{813BBF86-B6B9-4BDD-8386-1F605AB00168}.Release|x86.Build.0 = Release|x86
		{813BBF86-B6B9-4BDD-8386-1F605AB00168}.Release|x86.Deploy.0 = Release|x86
	EndGlobalSection
	GlobalSection(SolutionProperties) = preSolution
		HideSolutionNode = FALSE
	EndGlobalSection
EndGlobal
